// !$*UTF8*$!
{
	archiveVersion = 1;
	classes = {
	};
	objectVersion = 50;
	objects = {

/* Begin PBXBuildFile section */
		0C0C28EE21D067020068B6E5 /* AppDelegate.m in Sources */ = {isa = PBXBuildFile; fileRef = 0C0C28ED21D067020068B6E5 /* AppDelegate.m */; };
		0C0C28F121D067020068B6E5 /* ViewController.m in Sources */ = {isa = PBXBuildFile; fileRef = 0C0C28F021D067020068B6E5 /* ViewController.m */; };
		0C0C28F421D067020068B6E5 /* Main.storyboard in Resources */ = {isa = PBXBuildFile; fileRef = 0C0C28F221D067020068B6E5 /* Main.storyboard */; };
		0C0C28F621D067030068B6E5 /* Assets.xcassets in Resources */ = {isa = PBXBuildFile; fileRef = 0C0C28F521D067030068B6E5 /* Assets.xcassets */; };
		0C0C28F921D067030068B6E5 /* LaunchScreen.storyboard in Resources */ = {isa = PBXBuildFile; fileRef = 0C0C28F721D067030068B6E5 /* LaunchScreen.storyboard */; };
		0C0C28FC21D067030068B6E5 /* main.m in Sources */ = {isa = PBXBuildFile; fileRef = 0C0C28FB21D067030068B6E5 /* main.m */; };
		0C0C290621D067030068B6E5 /* ModuleBTests.m in Sources */ = {isa = PBXBuildFile; fileRef = 0C0C290521D067030068B6E5 /* ModuleBTests.m */; };
		0C0C291121D067030068B6E5 /* ModuleBUITests.m in Sources */ = {isa = PBXBuildFile; fileRef = 0C0C291021D067030068B6E5 /* ModuleBUITests.m */; };
		0C13327021D21AE40088AD56 /* Target_ModuleB.m in Sources */ = {isa = PBXBuildFile; fileRef = 0C13326F21D21AE40088AD56 /* Target_ModuleB.m */; };
		CF86AF4CBD5265A8BACD1938 /* libPods-ModuleB.a in Frameworks */ = {isa = PBXBuildFile; fileRef = 11170E146895E2FDD2849EB7 /* libPods-ModuleB.a */; };
/* End PBXBuildFile section */

/* Begin PBXContainerItemProxy section */
		0C0C290221D067030068B6E5 /* PBXContainerItemProxy */ = {
			isa = PBXContainerItemProxy;
			containerPortal = 0C0C28E121D067020068B6E5 /* Project object */;
			proxyType = 1;
			remoteGlobalIDString = 0C0C28E821D067020068B6E5;
			remoteInfo = ModuleB;
		};
		0C0C290D21D067030068B6E5 /* PBXContainerItemProxy */ = {
			isa = PBXContainerItemProxy;
			containerPortal = 0C0C28E121D067020068B6E5 /* Project object */;
			proxyType = 1;
			remoteGlobalIDString = 0C0C28E821D067020068B6E5;
			remoteInfo = ModuleB;
		};
/* End PBXContainerItemProxy section */

/* Begin PBXFileReference section */
		0C0C28E921D067020068B6E5 /* ModuleB.app */ = {isa = PBXFileReference; explicitFileType = wrapper.application; includeInIndex = 0; path = ModuleB.app; sourceTree = BUILT_PRODUCTS_DIR; };
		0C0C28EC21D067020068B6E5 /* AppDelegate.h */ = {isa = PBXFileReference; lastKnownFileType = sourcecode.c.h; path = AppDelegate.h; sourceTree = "<group>"; };
		0C0C28ED21D067020068B6E5 /* AppDelegate.m */ = {isa = PBXFileReference; lastKnownFileType = sourcecode.c.objc; path = AppDelegate.m; sourceTree = "<group>"; };
		0C0C28EF21D067020068B6E5 /* ViewController.h */ = {isa = PBXFileReference; lastKnownFileType = sourcecode.c.h; path = ViewController.h; sourceTree = "<group>"; };
		0C0C28F021D067020068B6E5 /* ViewController.m */ = {isa = PBXFileReference; lastKnownFileType = sourcecode.c.objc; path = ViewController.m; sourceTree = "<group>"; };
		0C0C28F321D067020068B6E5 /* Base */ = {isa = PBXFileReference; lastKnownFileType = file.storyboard; name = Base; path = Base.lproj/Main.storyboard; sourceTree = "<group>"; };
		0C0C28F521D067030068B6E5 /* Assets.xcassets */ = {isa = PBXFileReference; lastKnownFileType = folder.assetcatalog; path = Assets.xcassets; sourceTree = "<group>"; };
		0C0C28F821D067030068B6E5 /* Base */ = {isa = PBXFileReference; lastKnownFileType = file.storyboard; name = Base; path = Base.lproj/LaunchScreen.storyboard; sourceTree = "<group>"; };
		0C0C28FA21D067030068B6E5 /* Info.plist */ = {isa = PBXFileReference; lastKnownFileType = text.plist.xml; path = Info.plist; sourceTree = "<group>"; };
		0C0C28FB21D067030068B6E5 /* main.m */ = {isa = PBXFileReference; lastKnownFileType = sourcecode.c.objc; path = main.m; sourceTree = "<group>"; };
		0C0C290121D067030068B6E5 /* ModuleBTests.xctest */ = {isa = PBXFileReference; explicitFileType = wrapper.cfbundle; includeInIndex = 0; path = ModuleBTests.xctest; sourceTree = BUILT_PRODUCTS_DIR; };
		0C0C290521D067030068B6E5 /* ModuleBTests.m */ = {isa = PBXFileReference; lastKnownFileType = sourcecode.c.objc; path = ModuleBTests.m; sourceTree = "<group>"; };
		0C0C290721D067030068B6E5 /* Info.plist */ = {isa = PBXFileReference; lastKnownFileType = text.plist.xml; path = Info.plist; sourceTree = "<group>"; };
		0C0C290C21D067030068B6E5 /* ModuleBUITests.xctest */ = {isa = PBXFileReference; explicitFileType = wrapper.cfbundle; includeInIndex = 0; path = ModuleBUITests.xctest; sourceTree = BUILT_PRODUCTS_DIR; };
		0C0C291021D067030068B6E5 /* ModuleBUITests.m */ = {isa = PBXFileReference; lastKnownFileType = sourcecode.c.objc; path = ModuleBUITests.m; sourceTree = "<group>"; };
		0C0C291221D067030068B6E5 /* Info.plist */ = {isa = PBXFileReference; lastKnownFileType = text.plist.xml; path = Info.plist; sourceTree = "<group>"; };
		0C13326E21D21AE40088AD56 /* Target_ModuleB.h */ = {isa = PBXFileReference; lastKnownFileType = sourcecode.c.h; path = Target_ModuleB.h; sourceTree = "<group>"; };
		0C13326F21D21AE40088AD56 /* Target_ModuleB.m */ = {isa = PBXFileReference; lastKnownFileType = sourcecode.c.objc; path = Target_ModuleB.m; sourceTree = "<group>"; };
		11170E146895E2FDD2849EB7 /* libPods-ModuleB.a */ = {isa = PBXFileReference; explicitFileType = archive.ar; includeInIndex = 0; path = "libPods-ModuleB.a"; sourceTree = BUILT_PRODUCTS_DIR; };
		4010CF03EAEBAFC0A57EABCD /* Pods-ModuleB.release.xcconfig */ = {isa = PBXFileReference; includeInIndex = 1; lastKnownFileType = text.xcconfig; name = "Pods-ModuleB.release.xcconfig"; path = "Pods/Target Support Files/Pods-ModuleB/Pods-ModuleB.release.xcconfig"; sourceTree = "<group>"; };
		D57AED8228BB5D2E407E7ACA /* Pods-ModuleB.debug.xcconfig */ = {isa = PBXFileReference; includeInIndex = 1; lastKnownFileType = text.xcconfig; name = "Pods-ModuleB.debug.xcconfig"; path = "Pods/Target Support Files/Pods-ModuleB/Pods-ModuleB.debug.xcconfig"; sourceTree = "<group>"; };
/* End PBXFileReference section */

/* Begin PBXFrameworksBuildPhase section */
		0C0C28E621D067020068B6E5 /* Frameworks */ = {
			isa = PBXFrameworksBuildPhase;
			buildActionMask = 2147483647;
			files = (
				CF86AF4CBD5265A8BACD1938 /* libPods-ModuleB.a in Frameworks */,
			);
			runOnlyForDeploymentPostprocessing = 0;
		};
		0C0C28FE21D067030068B6E5 /* Frameworks */ = {
			isa = PBXFrameworksBuildPhase;
			buildActionMask = 2147483647;
			files = (
			);
			runOnlyForDeploymentPostprocessing = 0;
		};
		0C0C290921D067030068B6E5 /* Frameworks */ = {
			isa = PBXFrameworksBuildPhase;
			buildActionMask = 2147483647;
			files = (
			);
			runOnlyForDeploymentPostprocessing = 0;
		};
/* End PBXFrameworksBuildPhase section */

/* Begin PBXGroup section */
		0C0C28E021D067020068B6E5 = {
			isa = PBXGroup;
			children = (
				0C0C28EB21D067020068B6E5 /* ModuleB */,
				0C0C290421D067030068B6E5 /* ModuleBTests */,
				0C0C290F21D067030068B6E5 /* ModuleBUITests */,
				0C0C28EA21D067020068B6E5 /* Products */,
				94D38DF7BAD555EA6A9771C6 /* Pods */,
				259A607334AFC1E5E9E57F60 /* Frameworks */,
			);
			sourceTree = "<group>";
		};
		0C0C28EA21D067020068B6E5 /* Products */ = {
			isa = PBXGroup;
			children = (
				0C0C28E921D067020068B6E5 /* ModuleB.app */,
				0C0C290121D067030068B6E5 /* ModuleBTests.xctest */,
				0C0C290C21D067030068B6E5 /* ModuleBUITests.xctest */,
			);
			name = Products;
			sourceTree = "<group>";
		};
		0C0C28EB21D067020068B6E5 /* ModuleB */ = {
			isa = PBXGroup;
			children = (
				0C13326D21D21AC20088AD56 /* Target */,
				0C0C28EC21D067020068B6E5 /* AppDelegate.h */,
				0C0C28ED21D067020068B6E5 /* AppDelegate.m */,
				0C0C28F521D067030068B6E5 /* Assets.xcassets */,
				0C0C28F721D067030068B6E5 /* LaunchScreen.storyboard */,
				0C0C28FA21D067030068B6E5 /* Info.plist */,
				0C0C28FB21D067030068B6E5 /* main.m */,
			);
			path = ModuleB;
			sourceTree = "<group>";
		};
		0C0C290421D067030068B6E5 /* ModuleBTests */ = {
			isa = PBXGroup;
			children = (
				0C0C290521D067030068B6E5 /* ModuleBTests.m */,
				0C0C290721D067030068B6E5 /* Info.plist */,
			);
			path = ModuleBTests;
			sourceTree = "<group>";
		};
		0C0C290F21D067030068B6E5 /* ModuleBUITests */ = {
			isa = PBXGroup;
			children = (
				0C0C291021D067030068B6E5 /* ModuleBUITests.m */,
				0C0C291221D067030068B6E5 /* Info.plist */,
			);
			path = ModuleBUITests;
			sourceTree = "<group>";
		};
		0C13326D21D21AC20088AD56 /* Target */ = {
			isa = PBXGroup;
			children = (
				0C0C28F221D067020068B6E5 /* Main.storyboard */,
				0C0C28F021D067020068B6E5 /* ViewController.m */,
				0C0C28EF21D067020068B6E5 /* ViewController.h */,
				0C13326E21D21AE40088AD56 /* Target_ModuleB.h */,
				0C13326F21D21AE40088AD56 /* Target_ModuleB.m */,
			);
			path = Target;
			sourceTree = "<group>";
		};
		259A607334AFC1E5E9E57F60 /* Frameworks */ = {
			isa = PBXGroup;
			children = (
				11170E146895E2FDD2849EB7 /* libPods-ModuleB.a */,
			);
			name = Frameworks;
			sourceTree = "<group>";
		};
		94D38DF7BAD555EA6A9771C6 /* Pods */ = {
			isa = PBXGroup;
			children = (
				D57AED8228BB5D2E407E7ACA /* Pods-ModuleB.debug.xcconfig */,
				4010CF03EAEBAFC0A57EABCD /* Pods-ModuleB.release.xcconfig */,
			);
			name = Pods;
			sourceTree = "<group>";
		};
/* End PBXGroup section */

/* Begin PBXNativeTarget section */
		0C0C28E821D067020068B6E5 /* ModuleB */ = {
			isa = PBXNativeTarget;
			buildConfigurationList = 0C0C291521D067030068B6E5 /* Build configuration list for PBXNativeTarget "ModuleB" */;
			buildPhases = (
				B336643483233CFE6495C27F /* [CP] Check Pods Manifest.lock */,
				0C0C28E521D067020068B6E5 /* Sources */,
				0C0C28E621D067020068B6E5 /* Frameworks */,
				0C0C28E721D067020068B6E5 /* Resources */,
			);
			buildRules = (
			);
			dependencies = (
			);
			name = ModuleB;
			productName = ModuleB;
			productReference = 0C0C28E921D067020068B6E5 /* ModuleB.app */;
			productType = "com.apple.product-type.application";
		};
		0C0C290021D067030068B6E5 /* ModuleBTests */ = {
			isa = PBXNativeTarget;
			buildConfigurationList = 0C0C291821D067030068B6E5 /* Build configuration list for PBXNativeTarget "ModuleBTests" */;
			buildPhases = (
				0C0C28FD21D067030068B6E5 /* Sources */,
				0C0C28FE21D067030068B6E5 /* Frameworks */,
				0C0C28FF21D067030068B6E5 /* Resources */,
			);
			buildRules = (
			);
			dependencies = (
				0C0C290321D067030068B6E5 /* PBXTargetDependency */,
			);
			name = ModuleBTests;
			productName = ModuleBTests;
			productReference = 0C0C290121D067030068B6E5 /* ModuleBTests.xctest */;
			productType = "com.apple.product-type.bundle.unit-test";
		};
		0C0C290B21D067030068B6E5 /* ModuleBUITests */ = {
			isa = PBXNativeTarget;
			buildConfigurationList = 0C0C291B21D067030068B6E5 /* Build configuration list for PBXNativeTarget "ModuleBUITests" */;
			buildPhases = (
				0C0C290821D067030068B6E5 /* Sources */,
				0C0C290921D067030068B6E5 /* Frameworks */,
				0C0C290A21D067030068B6E5 /* Resources */,
			);
			buildRules = (
			);
			dependencies = (
				0C0C290E21D067030068B6E5 /* PBXTargetDependency */,
			);
			name = ModuleBUITests;
			productName = ModuleBUITests;
			productReference = 0C0C290C21D067030068B6E5 /* ModuleBUITests.xctest */;
			productType = "com.apple.product-type.bundle.ui-testing";
		};
/* End PBXNativeTarget section */

/* Begin PBXProject section */
		0C0C28E121D067020068B6E5 /* Project object */ = {
			isa = PBXProject;
			attributes = {
				LastUpgradeCheck = 1010;
				ORGANIZATIONNAME = "末小夕";
				TargetAttributes = {
					0C0C28E821D067020068B6E5 = {
						CreatedOnToolsVersion = 10.1;
					};
					0C0C290021D067030068B6E5 = {
						CreatedOnToolsVersion = 10.1;
						TestTargetID = 0C0C28E821D067020068B6E5;
					};
					0C0C290B21D067030068B6E5 = {
						CreatedOnToolsVersion = 10.1;
						TestTargetID = 0C0C28E821D067020068B6E5;
					};
				};
			};
			buildConfigurationList = 0C0C28E421D067020068B6E5 /* Build configuration list for PBXProject "ModuleB" */;
			compatibilityVersion = "Xcode 9.3";
			developmentRegion = en;
			hasScannedForEncodings = 0;
			knownRegions = (
				en,
				Base,
			);
			mainGroup = 0C0C28E021D067020068B6E5;
			productRefGroup = 0C0C28EA21D067020068B6E5 /* Products */;
			projectDirPath = "";
			projectRoot = "";
			targets = (
				0C0C28E821D067020068B6E5 /* ModuleB */,
				0C0C290021D067030068B6E5 /* ModuleBTests */,
				0C0C290B21D067030068B6E5 /* ModuleBUITests */,
			);
		};
/* End PBXProject section */

/* Begin PBXResourcesBuildPhase section */
		0C0C28E721D067020068B6E5 /* Resources */ = {
			isa = PBXResourcesBuildPhase;
			buildActionMask = 2147483647;
			files = (
				0C0C28F921D067030068B6E5 /* LaunchScreen.storyboard in Resources */,
				0C0C28F621D067030068B6E5 /* Assets.xcassets in Resources */,
				0C0C28F421D067020068B6E5 /* Main.storyboard in Resources */,
			);
			runOnlyForDeploymentPostprocessing = 0;
		};
		0C0C28FF21D067030068B6E5 /* Resources */ = {
			isa = PBXResourcesBuildPhase;
			buildActionMask = 2147483647;
			files = (
			);
			runOnlyForDeploymentPostprocessing = 0;
		};
		0C0C290A21D067030068B6E5 /* Resources */ = {
			isa = PBXResourcesBuildPhase;
			buildActionMask = 2147483647;
			files = (
			);
			runOnlyForDeploymentPostprocessing = 0;
		};
/* End PBXResourcesBuildPhase section */

/* Begin PBXShellScriptBuildPhase section */
		B336643483233CFE6495C27F /* [CP] Check Pods Manifest.lock */ = {
			isa = PBXShellScriptBuildPhase;
			buildActionMask = 2147483647;
			files = (
			);
			inputPaths = (
				"${PODS_PODFILE_DIR_PATH}/Podfile.lock",
				"${PODS_ROOT}/Manifest.lock",
			);
			name = "[CP] Check Pods Manifest.lock";
			outputPaths = (
				"$(DERIVED_FILE_DIR)/Pods-ModuleB-checkManifestLockResult.txt",
			);
			runOnlyForDeploymentPostprocessing = 0;
			shellPath = /bin/sh;
			shellScript = "diff \"${PODS_PODFILE_DIR_PATH}/Podfile.lock\" \"${PODS_ROOT}/Manifest.lock\" > /dev/null\nif [ $? != 0 ] ; then\n    # print error to STDERR\n    echo \"error: The sandbox is not in sync with the Podfile.lock. Run 'pod install' or update your CocoaPods installation.\" >&2\n    exit 1\nfi\n# This output is used by Xcode 'outputs' to avoid re-running this script phase.\necho \"SUCCESS\" > \"${SCRIPT_OUTPUT_FILE_0}\"\n";
			showEnvVarsInLog = 0;
		};
/* End PBXShellScriptBuildPhase section */

/* Begin PBXSourcesBuildPhase section */
		0C0C28E521D067020068B6E5 /* Sources */ = {
			isa = PBXSourcesBuildPhase;
			buildActionMask = 2147483647;
			files = (
				0C0C28F121D067020068B6E5 /* ViewController.m in Sources */,
				0C13327021D21AE40088AD56 /* Target_ModuleB.m in Sources */,
				0C0C28FC21D067030068B6E5 /* main.m in Sources */,
				0C0C28EE21D067020068B6E5 /* AppDelegate.m in Sources */,
			);
			runOnlyForDeploymentPostprocessing = 0;
		};
		0C0C28FD21D067030068B6E5 /* Sources */ = {
			isa = PBXSourcesBuildPhase;
			buildActionMask = 2147483647;
			files = (
				0C0C290621D067030068B6E5 /* ModuleBTests.m in Sources */,
			);
			runOnlyForDeploymentPostprocessing = 0;
		};
		0C0C290821D067030068B6E5 /* Sources */ = {
			isa = PBXSourcesBuildPhase;
			buildActionMask = 2147483647;
			files = (
				0C0C291121D067030068B6E5 /* ModuleBUITests.m in Sources */,
			);
			runOnlyForDeploymentPostprocessing = 0;
		};
/* End PBXSourcesBuildPhase section */

/* Begin PBXTargetDependency section */
		0C0C290321D067030068B6E5 /* PBXTargetDependency */ = {
			isa = PBXTargetDependency;
			target = 0C0C28E821D067020068B6E5 /* ModuleB */;
			targetProxy = 0C0C290221D067030068B6E5 /* PBXContainerItemProxy */;
		};
		0C0C290E21D067030068B6E5 /* PBXTargetDependency */ = {
			isa = PBXTargetDependency;
			target = 0C0C28E821D067020068B6E5 /* ModuleB */;
			targetProxy = 0C0C290D21D067030068B6E5 /* PBXContainerItemProxy */;
		};
/* End PBXTargetDependency section */

/* Begin PBXVariantGroup section */
		0C0C28F221D067020068B6E5 /* Main.storyboard */ = {
			isa = PBXVariantGroup;
			children = (
				0C0C28F321D067020068B6E5 /* Base */,
			);
			name = Main.storyboard;
			sourceTree = "<group>";
		};
		0C0C28F721D067030068B6E5 /* LaunchScreen.storyboard */ = {
			isa = PBXVariantGroup;
			children = (
				0C0C28F821D067030068B6E5 /* Base */,
			);
			name = LaunchScreen.storyboard;
			sourceTree = "<group>";
		};
/* End PBXVariantGroup section */

/* Begin XCBuildConfiguration section */
		0C0C291321D067030068B6E5 /* Debug */ = {
			isa = XCBuildConfiguration;
			buildSettings = {
				ALWAYS_SEARCH_USER_PATHS = NO;
				CLANG_ANALYZER_NONNULL = YES;
				CLANG_ANALYZER_NUMBER_OBJECT_CONVERSION = YES_AGGRESSIVE;
				CLANG_CXX_LANGUAGE_STANDARD = "gnu++14";
				CLANG_CXX_LIBRARY = "libc++";
				CLANG_ENABLE_MODULES = YES;
				CLANG_ENABLE_OBJC_ARC = YES;
				CLANG_ENABLE_OBJC_WEAK = YES;
				CLANG_WARN_BLOCK_CAPTURE_AUTORELEASING = YES;
				CLANG_WARN_BOOL_CONVERSION = YES;
				CLANG_WARN_COMMA = YES;
				CLANG_WARN_CONSTANT_CONVERSION = YES;
				CLANG_WARN_DEPRECATED_OBJC_IMPLEMENTATIONS = YES;
				CLANG_WARN_DIRECT_OBJC_ISA_USAGE = YES_ERROR;
				CLANG_WARN_DOCUMENTATION_COMMENTS = YES;
				CLANG_WARN_EMPTY_BODY = YES;
				CLANG_WARN_ENUM_CONVERSION = YES;
				CLANG_WARN_INFINITE_RECURSION = YES;
				CLANG_WARN_INT_CONVERSION = YES;
				CLANG_WARN_NON_LITERAL_NULL_CONVERSION = YES;
				CLANG_WARN_OBJC_IMPLICIT_RETAIN_SELF = YES;
				CLANG_WARN_OBJC_LITERAL_CONVERSION = YES;
				CLANG_WARN_OBJC_ROOT_CLASS = YES_ERROR;
				CLANG_WARN_RANGE_LOOP_ANALYSIS = YES;
				CLANG_WARN_STRICT_PROTOTYPES = YES;
				CLANG_WARN_SUSPICIOUS_MOVE = YES;
				CLANG_WARN_UNGUARDED_AVAILABILITY = YES_AGGRESSIVE;
				CLANG_WARN_UNREACHABLE_CODE = YES;
				CLANG_WARN__DUPLICATE_METHOD_MATCH = YES;
				CODE_SIGN_IDENTITY = "iPhone Developer";
				COPY_PHASE_STRIP = NO;
				DEBUG_INFORMATION_FORMAT = dwarf;
				ENABLE_STRICT_OBJC_MSGSEND = YES;
				ENABLE_TESTABILITY = YES;
				GCC_C_LANGUAGE_STANDARD = gnu11;
				GCC_DYNAMIC_NO_PIC = NO;
				GCC_NO_COMMON_BLOCKS = YES;
				GCC_OPTIMIZATION_LEVEL = 0;
				GCC_PREPROCESSOR_DEFINITIONS = (
					"DEBUG=1",
					"$(inherited)",
				);
				GCC_WARN_64_TO_32_BIT_CONVERSION = YES;
				GCC_WARN_ABOUT_RETURN_TYPE = YES_ERROR;
				GCC_WARN_UNDECLARED_SELECTOR = YES;
				GCC_WARN_UNINITIALIZED_AUTOS = YES_AGGRESSIVE;
				GCC_WARN_UNUSED_FUNCTION = YES;
				GCC_WARN_UNUSED_VARIABLE = YES;
				IPHONEOS_DEPLOYMENT_TARGET = 12.1;
				MTL_ENABLE_DEBUG_INFO = INCLUDE_SOURCE;
				MTL_FAST_MATH = YES;
				ONLY_ACTIVE_ARCH = YES;
				SDKROOT = iphoneos;
			};
			name = Debug;
		};
		0C0C291421D067030068B6E5 /* Release */ = {
			isa = XCBuildConfiguration;
			buildSettings = {
				ALWAYS_SEARCH_USER_PATHS = NO;
				CLANG_ANALYZER_NONNULL = YES;
				CLANG_ANALYZER_NUMBER_OBJECT_CONVERSION = YES_AGGRESSIVE;
				CLANG_CXX_LANGUAGE_STANDARD = "gnu++14";
				CLANG_CXX_LIBRARY = "libc++";
				CLANG_ENABLE_MODULES = YES;
				CLANG_ENABLE_OBJC_ARC = YES;
				CLANG_ENABLE_OBJC_WEAK = YES;
				CLANG_WARN_BLOCK_CAPTURE_AUTORELEASING = YES;
				CLANG_WARN_BOOL_CONVERSION = YES;
				CLANG_WARN_COMMA = YES;
				CLANG_WARN_CONSTANT_CONVERSION = YES;
				CLANG_WARN_DEPRECATED_OBJC_IMPLEMENTATIONS = YES;
				CLANG_WARN_DIRECT_OBJC_ISA_USAGE = YES_ERROR;
				CLANG_WARN_DOCUMENTATION_COMMENTS = YES;
				CLANG_WARN_EMPTY_BODY = YES;
				CLANG_WARN_ENUM_CONVERSION = YES;
				CLANG_WARN_INFINITE_RECURSION = YES;
				CLANG_WARN_INT_CONVERSION = YES;
				CLANG_WARN_NON_LITERAL_NULL_CONVERSION = YES;
				CLANG_WARN_OBJC_IMPLICIT_RETAIN_SELF = YES;
				CLANG_WARN_OBJC_LITERAL_CONVERSION = YES;
				CLANG_WARN_OBJC_ROOT_CLASS = YES_ERROR;
				CLANG_WARN_RANGE_LOOP_ANALYSIS = YES;
				CLANG_WARN_STRICT_PROTOTYPES = YES;
				CLANG_WARN_SUSPICIOUS_MOVE = YES;
				CLANG_WARN_UNGUARDED_AVAILABILITY = YES_AGGRESSIVE;
				CLANG_WARN_UNREACHABLE_CODE = YES;
				CLANG_WARN__DUPLICATE_METHOD_MATCH = YES;
				CODE_SIGN_IDENTITY = "iPhone Developer";
				COPY_PHASE_STRIP = NO;
				DEBUG_INFORMATION_FORMAT = "dwarf-with-dsym";
				ENABLE_NS_ASSERTIONS = NO;
				ENABLE_STRICT_OBJC_MSGSEND = YES;
				GCC_C_LANGUAGE_STANDARD = gnu11;
				GCC_NO_COMMON_BLOCKS = YES;
				GCC_WARN_64_TO_32_BIT_CONVERSION = YES;
				GCC_WARN_ABOUT_RETURN_TYPE = YES_ERROR;
				GCC_WARN_UNDECLARED_SELECTOR = YES;
				GCC_WARN_UNINITIALIZED_AUTOS = YES_AGGRESSIVE;
				GCC_WARN_UNUSED_FUNCTION = YES;
				GCC_WARN_UNUSED_VARIABLE = YES;
				IPHONEOS_DEPLOYMENT_TARGET = 12.1;
				MTL_ENABLE_DEBUG_INFO = NO;
				MTL_FAST_MATH = YES;
				SDKROOT = iphoneos;
				VALIDATE_PRODUCT = YES;
			};
			name = Release;
		};
		0C0C291621D067030068B6E5 /* Debug */ = {
			isa = XCBuildConfiguration;
			baseConfigurationReference = D57AED8228BB5D2E407E7ACA /* Pods-ModuleB.debug.xcconfig */;
			buildSettings = {
				ASSETCATALOG_COMPILER_APPICON_NAME = AppIcon;
				CODE_SIGN_STYLE = Automatic;
				INFOPLIST_FILE = ModuleB/Info.plist;
				LD_RUNPATH_SEARCH_PATHS = (
					"$(inherited)",
					"@executable_path/Frameworks",
				);
				PRODUCT_BUNDLE_IDENTIFIER = com.bignerdranch.ModuleB;
				PRODUCT_NAME = "$(TARGET_NAME)";
				TARGETED_DEVICE_FAMILY = "1,2";
			};
			name = Debug;
		};
		0C0C291721D067030068B6E5 /* Release */ = {
			isa = XCBuildConfiguration;
			baseConfigurationReference = 4010CF03EAEBAFC0A57EABCD /* Pods-ModuleB.release.xcconfig */;
			buildSettings = {
				ASSETCATALOG_COMPILER_APPICON_NAME = AppIcon;
				CODE_SIGN_STYLE = Automatic;
				INFOPLIST_FILE = ModuleB/Info.plist;
				LD_RUNPATH_SEARCH_PATHS = (
					"$(inherited)",
					"@executable_path/Frameworks",
				);
				PRODUCT_BUNDLE_IDENTIFIER = com.bignerdranch.ModuleB;
				PRODUCT_NAME = "$(TARGET_NAME)";
				TARGETED_DEVICE_FAMILY = "1,2";
			};
			name = Release;
		};
		0C0C291921D067030068B6E5 /* Debug */ = {
			isa = XCBuildConfiguration;
			buildSettings = {
				BUNDLE_LOADER = "$(TEST_HOST)";
				CODE_SIGN_STYLE = Automatic;
				INFOPLIST_FILE = ModuleBTests/Info.plist;
				LD_RUNPATH_SEARCH_PATHS = (
					"$(inherited)",
					"@executable_path/Frameworks",
					"@loader_path/Frameworks",
				);
				PRODUCT_BUNDLE_IDENTIFIER = com.bignerdranch.ModuleBTests;
				PRODUCT_NAME = "$(TARGET_NAME)";
				TARGETED_DEVICE_FAMILY = "1,2";
				TEST_HOST = "$(BUILT_PRODUCTS_DIR)/ModuleB.app/ModuleB";
			};
			name = Debug;
		};
		0C0C291A21D067030068B6E5 /* Release */ = {
			isa = XCBuildConfiguration;
			buildSettings = {
				BUNDLE_LOADER = "$(TEST_HOST)";
				CODE_SIGN_STYLE = Automatic;
				INFOPLIST_FILE = ModuleBTests/Info.plist;
				LD_RUNPATH_SEARCH_PATHS = (
					"$(inherited)",
					"@executable_path/Frameworks",
					"@loader_path/Frameworks",
				);
				PRODUCT_BUNDLE_IDENTIFIER = com.bignerdranch.ModuleBTests;
				PRODUCT_NAME = "$(TARGET_NAME)";
				TARGETED_DEVICE_FAMILY = "1,2";
				TEST_HOST = "$(BUILT_PRODUCTS_DIR)/ModuleB.app/ModuleB";
			};
			name = Release;
		};
		0C0C291C21D067030068B6E5 /* Debug */ = {
			isa = XCBuildConfiguration;
			buildSettings = {
				CODE_SIGN_STYLE = Automatic;
				INFOPLIST_FILE = ModuleBUITests/Info.plist;
				LD_RUNPATH_SEARCH_PATHS = (
					"$(inherited)",
					"@executable_path/Frameworks",
					"@loader_path/Frameworks",
				);
				PRODUCT_BUNDLE_IDENTIFIER = com.bignerdranch.ModuleBUITests;
				PRODUCT_NAME = "$(TARGET_NAME)";
				TARGETED_DEVICE_FAMILY = "1,2";
				TEST_TARGET_NAME = ModuleB;
			};
			name = Debug;
		};
		0C0C291D21D067030068B6E5 /* Release */ = {
			isa = XCBuildConfiguration;
			buildSettings = {
				CODE_SIGN_STYLE = Automatic;
				INFOPLIST_FILE = ModuleBUITests/Info.plist;
				LD_RUNPATH_SEARCH_PATHS = (
					"$(inherited)",
					"@executable_path/Frameworks",
					"@loader_path/Frameworks",
				);
				PRODUCT_BUNDLE_IDENTIFIER = com.bignerdranch.ModuleBUITests;
				PRODUCT_NAME = "$(TARGET_NAME)";
				TARGETED_DEVICE_FAMILY = "1,2";
				TEST_TARGET_NAME = ModuleB;
			};
			name = Release;
		};
/* End XCBuildConfiguration section */

/* Begin XCConfigurationList section */
		0C0C28E421D067020068B6E5 /* Build configuration list for PBXProject "ModuleB" */ = {
			isa = XCConfigurationList;
			buildConfigurations = (
				0C0C291321D067030068B6E5 /* Debug */,
				0C0C291421D067030068B6E5 /* Release */,
			);
			defaultConfigurationIsVisible = 0;
			defaultConfigurationName = Release;
		};
		0C0C291521D067030068B6E5 /* Build configuration list for PBXNativeTarget "ModuleB" */ = {
			isa = XCConfigurationList;
			buildConfigurations = (
				0C0C291621D067030068B6E5 /* Debug */,
				0C0C291721D067030068B6E5 /* Release */,
			);
			defaultConfigurationIsVisible = 0;
			defaultConfigurationName = Release;
		};
		0C0C291821D067030068B6E5 /* Build configuration list for PBXNativeTarget "ModuleBTests" */ = {
			isa = XCConfigurationList;
			buildConfigurations = (
				0C0C291921D067030068B6E5 /* Debug */,
				0C0C291A21D067030068B6E5 /* Release */,
			);
			defaultConfigurationIsVisible = 0;
			defaultConfigurationName = Release;
		};
		0C0C291B21D067030068B6E5 /* Build configuration list for PBXNativeTarget "ModuleBUITests" */ = {
			isa = XCConfigurationList;
			buildConfigurations = (
				0C0C291C21D067030068B6E5 /* Debug */,
				0C0C291D21D067030068B6E5 /* Release */,
			);
			defaultConfigurationIsVisible = 0;
			defaultConfigurationName = Release;
		};
/* End XCConfigurationList section */
	};
	rootObject = 0C0C28E121D067020068B6E5 /* Project object */;
}
